
Microsoft Visual Studio Solution File, Format Version 12.00
# Visual Studio Version 17
VisualStudioVersion = 17.2.32630.192
MinimumVisualStudioVersion = 10.0.40219.1
Project("{FAE04EC0-301F-11D3-BF4B-00C04F79EFBC}") = "Excercise - 4 (Q1)", "Excercise - 4 (Q1).csproj", "{B57F34F2-4415-49CA-AC6B-2978FF88372B}"
EndProject
Global
	GlobalSection(SolutionConfigurationPlatforms) = preSolution
		Debug|Any CPU = Debug|Any CPU
		Release|Any CPU = Release|Any CPU
	EndGlobalSection
	GlobalSection(ProjectConfigurationPlatforms) = postSolution
		{B57F34F2-4415-49CA-AC6B-2978FF88372B}.Debug|Any CPU.ActiveCfg = Debug|Any CPU
		{B57F34F2-4415-49CA-AC6B-2978FF88372B}.Debug|Any CPU.Build.0 = Debug|Any CPU
		{B57F34F2-4415-49CA-AC6B-2978FF88372B}.Release|Any CPU.ActiveCfg = Release|Any CPU
		{B57F34F2-4415-49CA-AC6B-2978FF88372B}.Release|Any CPU.Build.0 = Release|Any CPU
	EndGlobalSection
	GlobalSection(SolutionProperties) = preSolution
		HideSolutionNode = FALSE
	EndGlobalSection
	GlobalSection(ExtensibilityGlobals) = postSolution
		SolutionGuid = {B513153D-C956-4F99-9485-3FA23CC71893}
	EndGlobalSection
EndGlobal
